
Microsoft Visual Studio Solution File, Format Version 12.00
# Visual Studio 15
VisualStudioVersion = 15.0.27703.2042
MinimumVisualStudioVersion = 10.0.40219.1
Project("{FAE04EC0-301F-11D3-BF4B-00C04F79EFBC}") = "PaintingLesson", "PaintingLesson\PaintingLesson.csproj", "{512BC2AE-4F98-4B3F-B9C4-F7A821B8BF7E}"
EndProject
Global
	GlobalSection(SolutionConfigurationPlatforms) = preSolution
		Debug|Any CPU = Debug|Any CPU
		Release|Any CPU = Release|Any CPU
	EndGlobalSection
	GlobalSection(ProjectConfigurationPlatforms) = postSolution
		{512BC2AE-4F98-4B3F-B9C4-F7A821B8BF7E}.Debug|Any CPU.ActiveCfg = Debug|Any CPU
		{512BC2AE-4F98-4B3F-B9C4-F7A821B8BF7E}.Debug|Any CPU.Build.0 = Debug|Any CPU
		{512BC2AE-4F98-4B3F-B9C4-F7A821B8BF7E}.Release|Any CPU.ActiveCfg = Release|Any CPU
		{512BC2AE-4F98-4B3F-B9C4-F7A821B8BF7E}.Release|Any CPU.Build.0 = Release|Any CPU
	EndGlobalSection
	GlobalSection(SolutionProperties) = preSolution
		HideSolutionNode = FALSE
	EndGlobalSection
	GlobalSection(ExtensibilityGlobals) = postSolution
		SolutionGuid = {D4B6A341-B1D6-419F-AF01-9E9A9149221A}
	EndGlobalSection
EndGlobal
